// !$*UTF8*$!
{
	archiveVersion = 1;
	classes = {
	};
	objectVersion = 60;
	objects = {

/* Begin PBXBuildFile section */
		269100000000000000000001 /* WidgetActivity.swift in Sources */ = {isa = PBXBuildFile; fileRef = 269100000000000000000002 /* WidgetActivity.swift */; };
		265000000000000000000001 /* ModeAtlasNativePlugin.swift in Sources */ = {isa = PBXBuildFile; fileRef = 265000000000000000000002 /* ModeAtlasNativePlugin.swift */; };
		2FAD9763203C412B000D30F8 /* config.xml in Resources */ = {isa = PBXBuildFile; fileRef = 2FAD9762203C412B000D30F8 /* config.xml */; };
		2FAD9765203C412B000D30F8 /* GoogleService-Info.plist in Resources */ = {isa = PBXBuildFile; fileRef = 2FAD9764203C412B000D30F8 /* GoogleService-Info.plist */; };
		4D22ABE92AF431CB00220026 /* CapApp-SPM in Frameworks */ = {isa = PBXBuildFile; productRef = 4D22ABE82AF431CB00220026 /* CapApp-SPM */; };
		50379B232058CBB4000EE86E /* capacitor.config.json in Resources */ = {isa = PBXBuildFile; fileRef = 50379B222058CBB4000EE86E /* capacitor.config.json */; };
		504EC3081FED79650016851F /* AppDelegate.swift in Sources */ = {isa = PBXBuildFile; fileRef = 504EC3071FED79650016851F /* AppDelegate.swift */; };
		504EC30D1FED79650016851F /* Main.storyboard in Resources */ = {isa = PBXBuildFile; fileRef = 504EC30B1FED79650016851F /* Main.storyboard */; };
		504EC30F1FED79650016851F /* Assets.xcassets in Resources */ = {isa = PBXBuildFile; fileRef = 504EC30E1FED79650016851F /* Assets.xcassets */; };
		504EC3121FED79650016851F /* LaunchScreen.storyboard in Resources */ = {isa = PBXBuildFile; fileRef = 504EC3101FED79650016851F /* LaunchScreen.storyboard */; };
		50B271D11FEDC1A000F3C39B /* public in Resources */ = {isa = PBXBuildFile; fileRef = 50B271D01FEDC1A000F3C39B /* public */; };
		9582B6832FE993A70072D4E8 /* SceneDelegate.swift in Sources */ = {isa = PBXBuildFile; fileRef = 9582B6822FE993A50072D4E8 /* SceneDelegate.swift */; };
		F291D0B0592B66D3ADDAE019 = {isa = PBXBuildFile; fileRef = 1803230A3093F15837F56DE0; };
		E08668E0C4CB93947F17B0CA = {isa = PBXBuildFile; fileRef = 1803230A3093F15837F56DE0; };
		44CF3F2A58C25B8C40017453 = {isa = PBXBuildFile; fileRef = D4B604B59E210717F1306C5C; };
		45FBCD0A02F25BE723087E40 = {isa = PBXBuildFile; fileRef = 55A1EC58D8818D8910DCB4F8; settings = {ATTRIBUTES = (CodeSignOnCopy, RemoveHeadersOnCopy, ); }; };
		FAA66FBC608E83F1A6B57411 /* ModeAtlasDestination.swift in Sources */ = {isa = PBXBuildFile; fileRef = 4AABF49794811E21EA1A85A0 /* ModeAtlasDestination.swift */; };
		D4B205A2B7ED0B04DDEEEA29 /* ModeAtlasDestination.swift in Sources */ = {isa = PBXBuildFile; fileRef = 4AABF49794811E21EA1A85A0 /* ModeAtlasDestination.swift */; };
		9056EF99FEF24ECFC550582A /* ModeAtlasStudyIntent.swift in Sources */ = {isa = PBXBuildFile; fileRef = 676944F0EBD4EF9E4B363FC6 /* ModeAtlasStudyIntent.swift */; };
		C1EBD311EF2F12652096A6E2 /* ModeAtlasStudyIntent.swift in Sources */ = {isa = PBXBuildFile; fileRef = 676944F0EBD4EF9E4B363FC6 /* ModeAtlasStudyIntent.swift */; };
		03BBF6327B3872DFE1D66971 /* ModeAtlasShortcuts.swift in Sources */ = {isa = PBXBuildFile; fileRef = 63E53F29F622E73144BB19B4 /* ModeAtlasShortcuts.swift */; };
		DC5CBB535E30347566368E7C /* ModeAtlasStudyControl.swift in Sources */ = {isa = PBXBuildFile; fileRef = 28E05D3E1DF32F28BFA3EF47 /* ModeAtlasStudyControl.swift */; };
		7B1AAEADEA7E20CD33136934 /* StudyAccessoryView.swift in Sources */ = {isa = PBXBuildFile; fileRef = 1990D4A5BD9E4ABE98AEE73D /* StudyAccessoryView.swift */; };
/* End PBXBuildFile section */

/* Begin PBXFileReference section */
		269100000000000000000002 /* WidgetActivity.swift */ = {isa = PBXFileReference; lastKnownFileType = sourcecode.swift; path = WidgetActivity.swift; sourceTree = "<group>"; };
		265000000000000000000002 /* ModeAtlasNativePlugin.swift */ = {isa = PBXFileReference; lastKnownFileType = sourcecode.swift; path = ModeAtlasNativePlugin.swift; sourceTree = "<group>"; };
		2FAD9762203C412B000D30F8 /* config.xml */ = {isa = PBXFileReference; lastKnownFileType = text.xml; path = config.xml; sourceTree = "<group>"; };
		2FAD9764203C412B000D30F8 /* GoogleService-Info.plist */ = {isa = PBXFileReference; lastKnownFileType = text.plist.xml; path = "GoogleService-Info.plist"; sourceTree = "<group>"; };
		50379B222058CBB4000EE86E /* capacitor.config.json */ = {isa = PBXFileReference; fileEncoding = 4; lastKnownFileType = text.json; path = capacitor.config.json; sourceTree = "<group>"; };
		504EC3041FED79650016851F /* App.app */ = {isa = PBXFileReference; explicitFileType = wrapper.application; includeInIndex = 0; path = App.app; sourceTree = BUILT_PRODUCTS_DIR; };
		504EC3071FED79650016851F /* AppDelegate.swift */ = {isa = PBXFileReference; lastKnownFileType = sourcecode.swift; path = AppDelegate.swift; sourceTree = "<group>"; };
		504EC30C1FED79650016851F /* Base */ = {isa = PBXFileReference; lastKnownFileType = file.storyboard; name = Base; path = Base.lproj/Main.storyboard; sourceTree = "<group>"; };
		504EC30E1FED79650016851F /* Assets.xcassets */ = {isa = PBXFileReference; lastKnownFileType = folder.assetcatalog; path = Assets.xcassets; sourceTree = "<group>"; };
		504EC3111FED79650016851F /* Base */ = {isa = PBXFileReference; lastKnownFileType = file.storyboard; name = Base; path = Base.lproj/LaunchScreen.storyboard; sourceTree = "<group>"; };
		504EC3131FED79650016851F /* Info.plist */ = {isa = PBXFileReference; lastKnownFileType = text.plist.xml; path = Info.plist; sourceTree = "<group>"; };
		50B271D01FEDC1A000F3C39B /* public */ = {isa = PBXFileReference; lastKnownFileType = folder; path = public; sourceTree = "<group>"; };
		9582B6822FE993A50072D4E8 /* SceneDelegate.swift */ = {isa = PBXFileReference; lastKnownFileType = sourcecode.swift; path = SceneDelegate.swift; sourceTree = "<group>"; };
		958DCC722DB07C7200EA8C5F /* debug.xcconfig */ = {isa = PBXFileReference; lastKnownFileType = text.xcconfig; name = debug.xcconfig; path = ../debug.xcconfig; sourceTree = SOURCE_ROOT; };
		1803230A3093F15837F56DE0 /* ModeAtlasWidgetData.swift */ = {isa = PBXFileReference; lastKnownFileType = sourcecode.swift; path = ModeAtlasWidgetData.swift; sourceTree = "<group>"; };
		D4B604B59E210717F1306C5C /* ModeAtlasWidgets.swift */ = {isa = PBXFileReference; lastKnownFileType = sourcecode.swift; path = ModeAtlasWidgets.swift; sourceTree = "<group>"; };
		11DCDACF74B33BC245135679 /* Info.plist */ = {isa = PBXFileReference; lastKnownFileType = text.plist.xml; path = Info.plist; sourceTree = "<group>"; };
		7FFB534204306E4FDF256A2B /* LocalOnly.entitlements */ = {isa = PBXFileReference; lastKnownFileType = text.plist.entitlements; path = LocalOnly.entitlements; sourceTree = "<group>"; };
		61F160D3F5EB024BF9CA7EE4 /* WidgetSharing.entitlements */ = {isa = PBXFileReference; lastKnownFileType = text.plist.entitlements; path = WidgetSharing.entitlements; sourceTree = "<group>"; };
		8B790A624420B9C7FD6BDF20 /* engagement.xcconfig */ = {isa = PBXFileReference; lastKnownFileType = text.xcconfig; name = engagement.xcconfig; path = ../engagement.xcconfig; sourceTree = SOURCE_ROOT; };
		55A1EC58D8818D8910DCB4F8 /* ModeAtlasWidgets.appex */ = {isa = PBXFileReference; explicitFileType = "wrapper.app-extension"; includeInIndex = 0; path = ModeAtlasWidgets.appex; sourceTree = BUILT_PRODUCTS_DIR; };
		4AABF49794811E21EA1A85A0 /* ModeAtlasDestination.swift */ = {isa = PBXFileReference; lastKnownFileType = sourcecode.swift; path = ModeAtlasDestination.swift; sourceTree = "<group>"; };
		676944F0EBD4EF9E4B363FC6 /* ModeAtlasStudyIntent.swift */ = {isa = PBXFileReference; lastKnownFileType = sourcecode.swift; path = ModeAtlasStudyIntent.swift; sourceTree = "<group>"; };
		63E53F29F622E73144BB19B4 /* ModeAtlasShortcuts.swift */ = {isa = PBXFileReference; lastKnownFileType = sourcecode.swift; path = ModeAtlasShortcuts.swift; sourceTree = "<group>"; };
		28E05D3E1DF32F28BFA3EF47 /* ModeAtlasStudyControl.swift */ = {isa = PBXFileReference; lastKnownFileType = sourcecode.swift; path = ModeAtlasStudyControl.swift; sourceTree = "<group>"; };
		1990D4A5BD9E4ABE98AEE73D /* StudyAccessoryView.swift */ = {isa = PBXFileReference; lastKnownFileType = sourcecode.swift; path = StudyAccessoryView.swift; sourceTree = "<group>"; };
/* End PBXFileReference section */

/* Begin PBXFrameworksBuildPhase section */
		504EC3011FED79650016851F /* Frameworks */ = {
			isa = PBXFrameworksBuildPhase;
			buildActionMask = 2147483647;
			files = (
				4D22ABE92AF431CB00220026 /* CapApp-SPM in Frameworks */,
			);
			runOnlyForDeploymentPostprocessing = 0;
		};
		02CCEBF2C191D40B3B4C8CDC = {isa = PBXFrameworksBuildPhase; buildActionMask = 2147483647; files = (); runOnlyForDeploymentPostprocessing = 0; };
/* End PBXFrameworksBuildPhase section */

/* Begin PBXGroup section */
		504EC2FB1FED79650016851F = {
			isa = PBXGroup;
			children = (
				958DCC722DB07C7200EA8C5F /* debug.xcconfig */,
				8B790A624420B9C7FD6BDF20,
				F2B31C9786B4BF0A9A4AAF84,
				C7700313516F038757BAEF16,

				504EC3061FED79650016851F /* App */,
				504EC3051FED79650016851F /* Products */,
			);
			sourceTree = "<group>";
		};
		504EC3051FED79650016851F /* Products */ = {
			isa = PBXGroup;
			children = (
				504EC3041FED79650016851F /* App.app */,
				55A1EC58D8818D8910DCB4F8,
			);
			name = Products;
			sourceTree = "<group>";
		};
		504EC3061FED79650016851F /* App */ = {
			isa = PBXGroup;
			children = (
				63E53F29F622E73144BB19B4,
				9582B6822FE993A50072D4E8 /* SceneDelegate.swift */,
				265000000000000000000002 /* ModeAtlasNativePlugin.swift */,
				50379B222058CBB4000EE86E /* capacitor.config.json */,
				504EC3071FED79650016851F /* AppDelegate.swift */,
				504EC30B1FED79650016851F /* Main.storyboard */,
				504EC30E1FED79650016851F /* Assets.xcassets */,
				504EC3101FED79650016851F /* LaunchScreen.storyboard */,
				504EC3131FED79650016851F /* Info.plist */,
				2FAD9764203C412B000D30F8 /* GoogleService-Info.plist */,
				2FAD9762203C412B000D30F8 /* config.xml */,
				50B271D01FEDC1A000F3C39B /* public */,
			);
			path = App;
			sourceTree = "<group>";
		};
		F2B31C9786B4BF0A9A4AAF84 = {isa = PBXGroup; children = (4AABF49794811E21EA1A85A0, 676944F0EBD4EF9E4B363FC6, 1803230A3093F15837F56DE0, 7FFB534204306E4FDF256A2B, 61F160D3F5EB024BF9CA7EE4, ); path = Shared; sourceTree = "<group>"; };
		C7700313516F038757BAEF16 = {isa = PBXGroup; children = (28E05D3E1DF32F28BFA3EF47, 1990D4A5BD9E4ABE98AEE73D, D4B604B59E210717F1306C5C, 269100000000000000000002, 11DCDACF74B33BC245135679, ); path = ModeAtlasWidgets; sourceTree = "<group>"; };
/* End PBXGroup section */

/* Begin PBXNativeTarget section */
		504EC3031FED79650016851F /* App */ = {
			isa = PBXNativeTarget;
			buildConfigurationList = 504EC3161FED79650016851F /* Build configuration list for PBXNativeTarget "App" */;
			buildPhases = (
				504EC3001FED79650016851F /* Sources */,
				504EC3011FED79650016851F /* Frameworks */,
				504EC3021FED79650016851F /* Resources */,
				A3D26172DABEB908A835EE0E,
			);
			buildRules = (
			);
			dependencies = (
				B2D66661FCD7CAB5581420A3,
			);
			name = App;
			packageProductDependencies = (
				4D22ABE82AF431CB00220026 /* CapApp-SPM */,
			);
			productName = App;
			productReference = 504EC3041FED79650016851F /* App.app */;
			productType = "com.apple.product-type.application";
		};
		ACF9062101DA227DA329BB04 /* ModeAtlasWidgets */ = {isa = PBXNativeTarget; buildConfigurationList = 76BE32018DC9358696EA3EE6; buildPhases = (745764688D705D4EF7062BCF, 02CCEBF2C191D40B3B4C8CDC, 3FE72E556019EC3F3A1FF736, ); buildRules = (); dependencies = (); name = ModeAtlasWidgets; productName = ModeAtlasWidgets; productReference = 55A1EC58D8818D8910DCB4F8; productType = "com.apple.product-type.app-extension"; };
/* End PBXNativeTarget section */

/* Begin PBXCopyFilesBuildPhase section */
		A3D26172DABEB908A835EE0E = {isa = PBXCopyFilesBuildPhase; buildActionMask = 2147483647; dstPath = ""; dstSubfolderSpec = 13; files = (45FBCD0A02F25BE723087E40, ); name = "Embed App Extensions"; runOnlyForDeploymentPostprocessing = 0; };
/* End PBXCopyFilesBuildPhase section */

/* Begin PBXContainerItemProxy section */
		BF75FDD514C0CEE1FC193D25 = {isa = PBXContainerItemProxy; containerPortal = 504EC2FC1FED79650016851F; proxyType = 1; remoteGlobalIDString = ACF9062101DA227DA329BB04; remoteInfo = ModeAtlasWidgets; };
/* End PBXContainerItemProxy section */

/* Begin PBXTargetDependency section */
		B2D66661FCD7CAB5581420A3 = {isa = PBXTargetDependency; target = ACF9062101DA227DA329BB04; targetProxy = BF75FDD514C0CEE1FC193D25; };
/* End PBXTargetDependency section */

/* Begin PBXProject section */
		504EC2FC1FED79650016851F /* Project object */ = {
			isa = PBXProject;
			attributes = {
				LastSwiftUpdateCheck = 0920;
				LastUpgradeCheck = 0920;
				TargetAttributes = {
					504EC3031FED79650016851F = {
						CreatedOnToolsVersion = 9.2;
						LastSwiftMigration = 1100;
						ProvisioningStyle = Automatic;
					};
				};
			};
			buildConfigurationList = 504EC2FF1FED79650016851F /* Build configuration list for PBXProject "App" */;
			compatibilityVersion = "Xcode 8.0";
			developmentRegion = en;
			hasScannedForEncodings = 0;
			knownRegions = (
				en,
				Base,
			);
			mainGroup = 504EC2FB1FED79650016851F;
			packageReferences = (
				D4C12C0A2AAA248700AAC8A2 /* XCLocalSwiftPackageReference "CapApp-SPM" */,
			);
			productRefGroup = 504EC3051FED79650016851F /* Products */;
			projectDirPath = "";
			projectRoot = "";
			targets = (
				504EC3031FED79650016851F /* App */,
				ACF9062101DA227DA329BB04,
			);
		};
/* End PBXProject section */

/* Begin PBXResourcesBuildPhase section */
		504EC3021FED79650016851F /* Resources */ = {
			isa = PBXResourcesBuildPhase;
			buildActionMask = 2147483647;
			files = (
				504EC3121FED79650016851F /* LaunchScreen.storyboard in Resources */,
				50B271D11FEDC1A000F3C39B /* public in Resources */,
				504EC30F1FED79650016851F /* Assets.xcassets in Resources */,
				50379B232058CBB4000EE86E /* capacitor.config.json in Resources */,
				504EC30D1FED79650016851F /* Main.storyboard in Resources */,
				2FAD9763203C412B000D30F8 /* config.xml in Resources */,
				2FAD9765203C412B000D30F8 /* GoogleService-Info.plist in Resources */,
			);
			runOnlyForDeploymentPostprocessing = 0;
		};
		3FE72E556019EC3F3A1FF736 = {isa = PBXResourcesBuildPhase; buildActionMask = 2147483647; files = (); runOnlyForDeploymentPostprocessing = 0; };
/* End PBXResourcesBuildPhase section */

/* Begin PBXSourcesBuildPhase section */
		504EC3001FED79650016851F /* Sources */ = {
			isa = PBXSourcesBuildPhase;
			buildActionMask = 2147483647;
			files = (
				504EC3081FED79650016851F /* AppDelegate.swift in Sources */,
				9582B6832FE993A70072D4E8 /* SceneDelegate.swift in Sources */,
				265000000000000000000001 /* ModeAtlasNativePlugin.swift in Sources */,
				FAA66FBC608E83F1A6B57411,
				9056EF99FEF24ECFC550582A,
				03BBF6327B3872DFE1D66971,
				F291D0B0592B66D3ADDAE019,
			);
			runOnlyForDeploymentPostprocessing = 0;
		};
		745764688D705D4EF7062BCF = {isa = PBXSourcesBuildPhase; buildActionMask = 2147483647; files = (D4B205A2B7ED0B04DDEEEA29, C1EBD311EF2F12652096A6E2, DC5CBB535E30347566368E7C, 7B1AAEADEA7E20CD33136934, 44CF3F2A58C25B8C40017453, E08668E0C4CB93947F17B0CA, 269100000000000000000001, ); runOnlyForDeploymentPostprocessing = 0; };
/* End PBXSourcesBuildPhase section */

/* Begin PBXVariantGroup section */
		504EC30B1FED79650016851F /* Main.storyboard */ = {
			isa = PBXVariantGroup;
			children = (
				504EC30C1FED79650016851F /* Base */,
			);
			name = Main.storyboard;
			sourceTree = "<group>";
		};
		504EC3101FED79650016851F /* LaunchScreen.storyboard */ = {
			isa = PBXVariantGroup;
			children = (
				504EC3111FED79650016851F /* Base */,
			);
			name = LaunchScreen.storyboard;
			sourceTree = "<group>";
		};
/* End PBXVariantGroup section */

/* Begin XCBuildConfiguration section */
		504EC3141FED79650016851F /* Debug */ = {
			isa = XCBuildConfiguration;
			baseConfigurationReference = 8B790A624420B9C7FD6BDF20 /* engagement.xcconfig */;
			buildSettings = {
				ALWAYS_SEARCH_USER_PATHS = NO;
				CLANG_ANALYZER_NONNULL = YES;
				CLANG_ANALYZER_NUMBER_OBJECT_CONVERSION = YES_AGGRESSIVE;
				CLANG_CXX_LANGUAGE_STANDARD = "gnu++14";
				CLANG_CXX_LIBRARY = "libc++";
				CLANG_ENABLE_MODULES = YES;
				CLANG_ENABLE_OBJC_ARC = YES;
				CLANG_WARN_BLOCK_CAPTURE_AUTORELEASING = YES;
				CLANG_WARN_BOOL_CONVERSION = YES;
				CLANG_WARN_COMMA = YES;
				CLANG_WARN_CONSTANT_CONVERSION = YES;
				CLANG_WARN_DIRECT_OBJC_ISA_USAGE = YES_ERROR;
				CLANG_WARN_DOCUMENTATION_COMMENTS = YES;
				CLANG_WARN_EMPTY_BODY = YES;
				CLANG_WARN_ENUM_CONVERSION = YES;
				CLANG_WARN_INFINITE_RECURSION = YES;
				CLANG_WARN_INT_CONVERSION = YES;
				CLANG_WARN_NON_LITERAL_NULL_CONVERSION = YES;
				CLANG_WARN_OBJC_LITERAL_CONVERSION = YES;
				CLANG_WARN_OBJC_ROOT_CLASS = YES_ERROR;
				CLANG_WARN_RANGE_LOOP_ANALYSIS = YES;
				CLANG_WARN_STRICT_PROTOTYPES = YES;
				CLANG_WARN_SUSPICIOUS_MOVE = YES;
				CLANG_WARN_UNGUARDED_AVAILABILITY = YES_AGGRESSIVE;
				CLANG_WARN_UNREACHABLE_CODE = YES;
				CLANG_WARN__DUPLICATE_METHOD_MATCH = YES;
				CODE_SIGN_IDENTITY = "iPhone Developer";
				COPY_PHASE_STRIP = NO;
				DEBUG_INFORMATION_FORMAT = dwarf;
				ENABLE_STRICT_OBJC_MSGSEND = YES;
				ENABLE_TESTABILITY = YES;
				GCC_C_LANGUAGE_STANDARD = gnu11;
				GCC_DYNAMIC_NO_PIC = NO;
				GCC_NO_COMMON_BLOCKS = YES;
				GCC_OPTIMIZATION_LEVEL = 0;
				GCC_PREPROCESSOR_DEFINITIONS = (
					"DEBUG=1",
					"$(inherited)",
				);
				GCC_WARN_64_TO_32_BIT_CONVERSION = YES;
				GCC_WARN_ABOUT_RETURN_TYPE = YES_ERROR;
				GCC_WARN_UNDECLARED_SELECTOR = YES;
				GCC_WARN_UNINITIALIZED_AUTOS = YES_AGGRESSIVE;
				GCC_WARN_UNUSED_FUNCTION = YES;
				GCC_WARN_UNUSED_VARIABLE = YES;
				IPHONEOS_DEPLOYMENT_TARGET = 18.0;
				MTL_ENABLE_DEBUG_INFO = YES;
				ONLY_ACTIVE_ARCH = YES;
				SDKROOT = iphoneos;
				SWIFT_ACTIVE_COMPILATION_CONDITIONS = DEBUG;
				SWIFT_OPTIMIZATION_LEVEL = "-Onone";
			};
			name = Debug;
		};
		504EC3151FED79650016851F /* Release */ = {
			isa = XCBuildConfiguration;
			baseConfigurationReference = 8B790A624420B9C7FD6BDF20 /* engagement.xcconfig */;
			buildSettings = {
				ALWAYS_SEARCH_USER_PATHS = NO;
				CLANG_ANALYZER_NONNULL = YES;
				CLANG_ANALYZER_NUMBER_OBJECT_CONVERSION = YES_AGGRESSIVE;
				CLANG_CXX_LANGUAGE_STANDARD = "gnu++14";
				CLANG_CXX_LIBRARY = "libc++";
				CLANG_ENABLE_MODULES = YES;
				CLANG_ENABLE_OBJC_ARC = YES;
				CLANG_WARN_BLOCK_CAPTURE_AUTORELEASING = YES;
				CLANG_WARN_BOOL_CONVERSION = YES;
				CLANG_WARN_COMMA = YES;
				CLANG_WARN_CONSTANT_CONVERSION = YES;
				CLANG_WARN_DIRECT_OBJC_ISA_USAGE = YES_ERROR;
				CLANG_WARN_DOCUMENTATION_COMMENTS = YES;
				CLANG_WARN_EMPTY_BODY = YES;
				CLANG_WARN_ENUM_CONVERSION = YES;
				CLANG_WARN_INFINITE_RECURSION = YES;
				CLANG_WARN_INT_CONVERSION = YES;
				CLANG_WARN_NON_LITERAL_NULL_CONVERSION = YES;
				CLANG_WARN_OBJC_LITERAL_CONVERSION = YES;
				CLANG_WARN_OBJC_ROOT_CLASS = YES_ERROR;
				CLANG_WARN_RANGE_LOOP_ANALYSIS = YES;
				CLANG_WARN_STRICT_PROTOTYPES = YES;
				CLANG_WARN_SUSPICIOUS_MOVE = YES;
				CLANG_WARN_UNGUARDED_AVAILABILITY = YES_AGGRESSIVE;
				CLANG_WARN_UNREACHABLE_CODE = YES;
				CLANG_WARN__DUPLICATE_METHOD_MATCH = YES;
				CODE_SIGN_IDENTITY = "iPhone Developer";
				COPY_PHASE_STRIP = NO;
				DEBUG_INFORMATION_FORMAT = "dwarf-with-dsym";
				ENABLE_NS_ASSERTIONS = NO;
				ENABLE_STRICT_OBJC_MSGSEND = YES;
				GCC_C_LANGUAGE_STANDARD = gnu11;
				GCC_NO_COMMON_BLOCKS = YES;
				GCC_WARN_64_TO_32_BIT_CONVERSION = YES;
				GCC_WARN_ABOUT_RETURN_TYPE = YES_ERROR;
				GCC_WARN_UNDECLARED_SELECTOR = YES;
				GCC_WARN_UNINITIALIZED_AUTOS = YES_AGGRESSIVE;
				GCC_WARN_UNUSED_FUNCTION = YES;
				GCC_WARN_UNUSED_VARIABLE = YES;
				IPHONEOS_DEPLOYMENT_TARGET = 18.0;
				MTL_ENABLE_DEBUG_INFO = NO;
				SDKROOT = iphoneos;
				SWIFT_COMPILATION_MODE = wholemodule;
				SWIFT_OPTIMIZATION_LEVEL = "-O";
				VALIDATE_PRODUCT = YES;
			};
			name = Release;
		};
		504EC3171FED79650016851F /* Debug */ = {
			isa = XCBuildConfiguration;
			baseConfigurationReference = 958DCC722DB07C7200EA8C5F /* debug.xcconfig */;
			buildSettings = {
				ASSETCATALOG_COMPILER_APPICON_NAME = AppIcon;
				ASSETCATALOG_COMPILER_ALTERNATE_APPICON_NAMES = "Grove Summit Horizon";
				CODE_SIGN_ENTITLEMENTS = "$(MODE_ATLAS_ENTITLEMENTS)";
				CODE_SIGN_STYLE = Automatic;
				CURRENT_PROJECT_VERSION = 2073000;
				GOOGLE_REVERSED_CLIENT_ID = com.googleusercontent.apps.323625667322-aldb8bps765pbau4d33p1dat54k7lib0;
				INFOPLIST_FILE = App/Info.plist;
				LD_RUNPATH_SEARCH_PATHS = (
					"$(inherited)",
					"@executable_path/Frameworks",
				);
				MARKETING_VERSION = 2.73.0;
				OTHER_SWIFT_FLAGS = "$(inherited) \"-D\" \"COCOAPODS\" \"-DDEBUG\"";
				PRODUCT_BUNDLE_IDENTIFIER = app.modeatlas;
				PRODUCT_NAME = "$(TARGET_NAME)";
				SWIFT_ACTIVE_COMPILATION_CONDITIONS = DEBUG;
				SWIFT_VERSION = 5.0;
				TARGETED_DEVICE_FAMILY = "1,2";
			};
			name = Debug;
		};
		504EC3181FED79650016851F /* Release */ = {
			isa = XCBuildConfiguration;
			buildSettings = {
				ASSETCATALOG_COMPILER_APPICON_NAME = AppIcon;
				ASSETCATALOG_COMPILER_ALTERNATE_APPICON_NAMES = "Grove Summit Horizon";
				CODE_SIGN_ENTITLEMENTS = "$(MODE_ATLAS_ENTITLEMENTS)";
				CODE_SIGN_STYLE = Automatic;
				CURRENT_PROJECT_VERSION = 2073000;
				GOOGLE_REVERSED_CLIENT_ID = com.googleusercontent.apps.323625667322-aldb8bps765pbau4d33p1dat54k7lib0;
				INFOPLIST_FILE = App/Info.plist;
				LD_RUNPATH_SEARCH_PATHS = (
					"$(inherited)",
					"@executable_path/Frameworks",
				);
				MARKETING_VERSION = 2.73.0;
				PRODUCT_BUNDLE_IDENTIFIER = app.modeatlas;
				PRODUCT_NAME = "$(TARGET_NAME)";
				SWIFT_ACTIVE_COMPILATION_CONDITIONS = "";
				SWIFT_VERSION = 5.0;
				TARGETED_DEVICE_FAMILY = "1,2";
			};
			name = Release;
		};
		B38642B646D48B23282596E8 /* Debug */ = {
            isa = XCBuildConfiguration;
            buildSettings = {
                APPLICATION_EXTENSION_API_ONLY = YES;
                CODE_SIGN_ENTITLEMENTS = "$(MODE_ATLAS_ENTITLEMENTS)";
                CODE_SIGN_STYLE = Automatic;
                CURRENT_PROJECT_VERSION = 2073000;
                INFOPLIST_FILE = ModeAtlasWidgets/Info.plist;
                LD_RUNPATH_SEARCH_PATHS = ("$(inherited)", "@executable_path/Frameworks", "@executable_path/../../Frameworks", );
                MARKETING_VERSION = 2.73.0;
                PRODUCT_BUNDLE_IDENTIFIER = app.modeatlas.widgets;
                PRODUCT_NAME = "$(TARGET_NAME)";
                SKIP_INSTALL = YES;
                SWIFT_VERSION = 5.0;
                TARGETED_DEVICE_FAMILY = "1,2";
            };
            name = Debug;
        };
		455E08ACD953DDD9D26784DF /* Release */ = {
            isa = XCBuildConfiguration;
            buildSettings = {
                APPLICATION_EXTENSION_API_ONLY = YES;
                CODE_SIGN_ENTITLEMENTS = "$(MODE_ATLAS_ENTITLEMENTS)";
                CODE_SIGN_STYLE = Automatic;
                CURRENT_PROJECT_VERSION = 2073000;
                INFOPLIST_FILE = ModeAtlasWidgets/Info.plist;
                LD_RUNPATH_SEARCH_PATHS = ("$(inherited)", "@executable_path/Frameworks", "@executable_path/../../Frameworks", );
                MARKETING_VERSION = 2.73.0;
                PRODUCT_BUNDLE_IDENTIFIER = app.modeatlas.widgets;
                PRODUCT_NAME = "$(TARGET_NAME)";
                SKIP_INSTALL = YES;
                SWIFT_VERSION = 5.0;
                TARGETED_DEVICE_FAMILY = "1,2";
            };
            name = Release;
        };
/* End XCBuildConfiguration section */

/* Begin XCConfigurationList section */
		504EC2FF1FED79650016851F /* Build configuration list for PBXProject "App" */ = {
			isa = XCConfigurationList;
			buildConfigurations = (
				504EC3141FED79650016851F /* Debug */,
				504EC3151FED79650016851F /* Release */,
			);
			defaultConfigurationIsVisible = 0;
			defaultConfigurationName = Release;
		};
		504EC3161FED79650016851F /* Build configuration list for PBXNativeTarget "App" */ = {
			isa = XCConfigurationList;
			buildConfigurations = (
				504EC3171FED79650016851F /* Debug */,
				504EC3181FED79650016851F /* Release */,
			);
			defaultConfigurationIsVisible = 0;
			defaultConfigurationName = Release;
		};
		76BE32018DC9358696EA3EE6 = {isa = XCConfigurationList; buildConfigurations = (B38642B646D48B23282596E8, 455E08ACD953DDD9D26784DF, ); defaultConfigurationIsVisible = 0; defaultConfigurationName = Release; };
/* End XCConfigurationList section */

/* Begin XCLocalSwiftPackageReference section */
		D4C12C0A2AAA248700AAC8A2 /* XCLocalSwiftPackageReference "CapApp-SPM" */ = {
			isa = XCLocalSwiftPackageReference;
			relativePath = "CapApp-SPM";
		};
/* End XCLocalSwiftPackageReference section */

/* Begin XCSwiftPackageProductDependency section */
		4D22ABE82AF431CB00220026 /* CapApp-SPM */ = {
			isa = XCSwiftPackageProductDependency;
			package = D4C12C0A2AAA248700AAC8A2 /* XCLocalSwiftPackageReference "CapApp-SPM" */;
			productName = "CapApp-SPM";
		};
/* End XCSwiftPackageProductDependency section */
	};
	rootObject = 504EC2FC1FED79650016851F /* Project object */;
}
